
Microsoft Visual Studio Solution File, Format Version 12.00
Project("{FAE04EC0-301F-11D3-BF4B-00C04F79EFBC}") = "Reboot.Prices", "Reboot.Prices\Reboot.Prices.csproj", "{F82DF0AC-9AFC-4F8C-A87C-9F3D3C68670F}"
EndProject
Project("{2150E333-8FDC-42A3-9474-1A3956D46DE8}") = "Solution Items", "Solution Items", "{F3FA633A-0D45-4B00-96B1-1FD451772F16}"
	ProjectSection(SolutionItems) = preProject
		docker-compose.yml = docker-compose.yml
		.github\workflows\deploy.yml = .github\workflows\deploy.yml
		.gitignore = .gitignore
	EndProjectSection
EndProject
Project("{FAE04EC0-301F-11D3-BF4B-00C04F79EFBC}") = "Reboot.DB", "Reboot.DB\Reboot.DB.csproj", "{2874AA8D-1977-4BDB-948C-1832F3F8F8A8}"
EndProject
Project("{FAE04EC0-301F-11D3-BF4B-00C04F79EFBC}") = "Reboot.API", "Reboot.API\Reboot.API.csproj", "{EE5C745C-136C-452D-A36A-B2248F4B9D23}"
EndProject
Global
	GlobalSection(SolutionConfigurationPlatforms) = preSolution
		Debug|Any CPU = Debug|Any CPU
		Release|Any CPU = Release|Any CPU
	EndGlobalSection
	GlobalSection(ProjectConfigurationPlatforms) = postSolution
		{F82DF0AC-9AFC-4F8C-A87C-9F3D3C68670F}.Debug|Any CPU.ActiveCfg = Debug|Any CPU
		{F82DF0AC-9AFC-4F8C-A87C-9F3D3C68670F}.Debug|Any CPU.Build.0 = Debug|Any CPU
		{F82DF0AC-9AFC-4F8C-A87C-9F3D3C68670F}.Release|Any CPU.ActiveCfg = Release|Any CPU
		{F82DF0AC-9AFC-4F8C-A87C-9F3D3C68670F}.Release|Any CPU.Build.0 = Release|Any CPU
		{2874AA8D-1977-4BDB-948C-1832F3F8F8A8}.Debug|Any CPU.ActiveCfg = Debug|Any CPU
		{2874AA8D-1977-4BDB-948C-1832F3F8F8A8}.Debug|Any CPU.Build.0 = Debug|Any CPU
		{2874AA8D-1977-4BDB-948C-1832F3F8F8A8}.Release|Any CPU.ActiveCfg = Release|Any CPU
		{2874AA8D-1977-4BDB-948C-1832F3F8F8A8}.Release|Any CPU.Build.0 = Release|Any CPU
		{EE5C745C-136C-452D-A36A-B2248F4B9D23}.Debug|Any CPU.ActiveCfg = Debug|Any CPU
		{EE5C745C-136C-452D-A36A-B2248F4B9D23}.Debug|Any CPU.Build.0 = Debug|Any CPU
		{EE5C745C-136C-452D-A36A-B2248F4B9D23}.Release|Any CPU.ActiveCfg = Release|Any CPU
		{EE5C745C-136C-452D-A36A-B2248F4B9D23}.Release|Any CPU.Build.0 = Release|Any CPU
	EndGlobalSection
EndGlobal
